
Microsoft Visual Studio Solution File, Format Version 12.00
# Visual Studio Version 16
VisualStudioVersion = 16.0.29721.120
MinimumVisualStudioVersion = 10.0.40219.1
Project("{9A19103F-16F7-4668-BE54-9A1E7A4F7556}") = "SatisfactoryTools", "SatisfactoryTools\SatisfactoryTools.csproj", "{3098D2E7-837F-4A63-98B8-27FAE4F5D0CC}"
EndProject
Project("{FAE04EC0-301F-11D3-BF4B-00C04F79EFBC}") = "SatisfactoryTools.Library", "SatisfactoryTools.Library\SatisfactoryTools.Library.csproj", "{16F2293C-B6AB-4BC7-B367-169A393A97EE}"
EndProject
Project("{FAE04EC0-301F-11D3-BF4B-00C04F79EFBC}") = "SatisfactoryTools.Test", "..\test\SatisfactoryTools.Test.csproj", "{93589DBB-6AD6-4E54-ABBB-41D3F91B7E31}"
EndProject
Global
	GlobalSection(SolutionConfigurationPlatforms) = preSolution
		Debug|Any CPU = Debug|Any CPU
		Release|Any CPU = Release|Any CPU
	EndGlobalSection
	GlobalSection(ProjectConfigurationPlatforms) = postSolution
		{3098D2E7-837F-4A63-98B8-27FAE4F5D0CC}.Debug|Any CPU.ActiveCfg = Debug|Any CPU
		{3098D2E7-837F-4A63-98B8-27FAE4F5D0CC}.Debug|Any CPU.Build.0 = Debug|Any CPU
		{3098D2E7-837F-4A63-98B8-27FAE4F5D0CC}.Release|Any CPU.ActiveCfg = Release|Any CPU
		{3098D2E7-837F-4A63-98B8-27FAE4F5D0CC}.Release|Any CPU.Build.0 = Release|Any CPU
		{16F2293C-B6AB-4BC7-B367-169A393A97EE}.Debug|Any CPU.ActiveCfg = Debug|Any CPU
		{16F2293C-B6AB-4BC7-B367-169A393A97EE}.Debug|Any CPU.Build.0 = Debug|Any CPU
		{16F2293C-B6AB-4BC7-B367-169A393A97EE}.Release|Any CPU.ActiveCfg = Release|Any CPU
		{16F2293C-B6AB-4BC7-B367-169A393A97EE}.Release|Any CPU.Build.0 = Release|Any CPU
		{93589DBB-6AD6-4E54-ABBB-41D3F91B7E31}.Debug|Any CPU.ActiveCfg = Debug|Any CPU
		{93589DBB-6AD6-4E54-ABBB-41D3F91B7E31}.Debug|Any CPU.Build.0 = Debug|Any CPU
		{93589DBB-6AD6-4E54-ABBB-41D3F91B7E31}.Release|Any CPU.ActiveCfg = Release|Any CPU
		{93589DBB-6AD6-4E54-ABBB-41D3F91B7E31}.Release|Any CPU.Build.0 = Release|Any CPU
	EndGlobalSection
	GlobalSection(SolutionProperties) = preSolution
		HideSolutionNode = FALSE
	EndGlobalSection
	GlobalSection(ExtensibilityGlobals) = postSolution
		SolutionGuid = {BB47B59D-148D-4149-8388-A19C84AD6FBD}
	EndGlobalSection
EndGlobal
